
Microsoft Visual Studio Solution File, Format Version 9.00
# Visual Studio 2005
Project("{FAE04EC0-301F-11D3-BF4B-00C04F79EFBC}") = "SerialPortCommunication", "SerialPortCommunication\SerialPortCommunication.csproj", "{67D06A37-B2AC-4147-8108-8A5A0D9DCA19}"
EndProject
Global
	GlobalSection(SolutionConfigurationPlatforms) = preSolution
		Debug|Any CPU = Debug|Any CPU
		Release|Any CPU = Release|Any CPU
	EndGlobalSection
	GlobalSection(ProjectConfigurationPlatforms) = postSolution
		{67D06A37-B2AC-4147-8108-8A5A0D9DCA19}.Debug|Any CPU.ActiveCfg = Debug|Any CPU
		{67D06A37-B2AC-4147-8108-8A5A0D9DCA19}.Debug|Any CPU.Build.0 = Debug|Any CPU
		{67D06A37-B2AC-4147-8108-8A5A0D9DCA19}.Release|Any CPU.ActiveCfg = Release|Any CPU
		{67D06A37-B2AC-4147-8108-8A5A0D9DCA19}.Release|Any CPU.Build.0 = Release|Any CPU
	EndGlobalSection
	GlobalSection(SolutionProperties) = preSolution
		HideSolutionNode = FALSE
	EndGlobalSection
EndGlobal
